{
  "name": "a",
  "version": "1.0.0",
  "lockfileVersion": 3,
  "requires": true,
  "packages": {
    "": {
      "name": "a",
      "version": "1.0.0",
      "license": "ISC",
      "dependencies": {
        "simple-ascii-chart": "^5.3.1"
      }
    },
    "node_modules/simple-ascii-chart": {
      "version": "5.3.1",
      "resolved": "https://registry.npmjs.org/simple-ascii-chart/-/simple-ascii-chart-5.3.1.tgz",
      "integrity": "sha512-b4YBuQ70PkCE+nG8NxSJezGgguz7Er34U5oZ+wWgeHoNq2TnIqsszqdcPh/XLsTXUzeG0fYrtmfDOXaK863oMQ==",
      "license": "MIT"
    }
  }
}
